
Microsoft Visual Studio Solution File, Format Version 12.00
# Visual Studio 15
VisualStudioVersion = 15.0.28307.1062
MinimumVisualStudioVersion = 10.0.40219.1
Project("{FAE04EC0-301F-11D3-BF4B-00C04F79EFBC}") = "ConsumeWS", "ConsumeWS\ConsumeWS.csproj", "{53290001-D665-4E7B-AEB9-D793CDDE3D66}"
EndProject
Project("{FAE04EC0-301F-11D3-BF4B-00C04F79EFBC}") = "WebServiceProject2", "..\..\..\Documents\Visual Studio 2015\Projects\WebServiceProject2\WebServiceProject2\WebServiceProject2.csproj", "{CFE8C1BA-7F3C-4ACF-B55E-488E1E64B4B2}"
EndProject
Global
	GlobalSection(SolutionConfigurationPlatforms) = preSolution
		Debug|Any CPU = Debug|Any CPU
		Release|Any CPU = Release|Any CPU
	EndGlobalSection
	GlobalSection(ProjectConfigurationPlatforms) = postSolution
		{53290001-D665-4E7B-AEB9-D793CDDE3D66}.Debug|Any CPU.ActiveCfg = Debug|Any CPU
		{53290001-D665-4E7B-AEB9-D793CDDE3D66}.Debug|Any CPU.Build.0 = Debug|Any CPU
		{53290001-D665-4E7B-AEB9-D793CDDE3D66}.Release|Any CPU.ActiveCfg = Release|Any CPU
		{53290001-D665-4E7B-AEB9-D793CDDE3D66}.Release|Any CPU.Build.0 = Release|Any CPU
		{CFE8C1BA-7F3C-4ACF-B55E-488E1E64B4B2}.Debug|Any CPU.ActiveCfg = Debug|Any CPU
		{CFE8C1BA-7F3C-4ACF-B55E-488E1E64B4B2}.Debug|Any CPU.Build.0 = Debug|Any CPU
		{CFE8C1BA-7F3C-4ACF-B55E-488E1E64B4B2}.Release|Any CPU.ActiveCfg = Release|Any CPU
		{CFE8C1BA-7F3C-4ACF-B55E-488E1E64B4B2}.Release|Any CPU.Build.0 = Release|Any CPU
	EndGlobalSection
	GlobalSection(SolutionProperties) = preSolution
		HideSolutionNode = FALSE
	EndGlobalSection
	GlobalSection(ExtensibilityGlobals) = postSolution
		SolutionGuid = {15C6623E-2C92-481B-93FB-C22059AC47CA}
	EndGlobalSection
EndGlobal
